
Microsoft Visual Studio Solution File, Format Version 12.00
# Visual Studio Version 17
VisualStudioVersion = 17.4.33213.308
MinimumVisualStudioVersion = 10.0.40219.1
Project("{FAE04EC0-301F-11D3-BF4B-00C04F79EFBC}") = "ApiContactos", "ApiContactos\ApiContactos.csproj", "{21EB9C1E-C027-4640-B225-B60B93D0867C}"
EndProject
Global
	GlobalSection(SolutionConfigurationPlatforms) = preSolution
		Debug|Any CPU = Debug|Any CPU
		Release|Any CPU = Release|Any CPU
	EndGlobalSection
	GlobalSection(ProjectConfigurationPlatforms) = postSolution
		{21EB9C1E-C027-4640-B225-B60B93D0867C}.Debug|Any CPU.ActiveCfg = Debug|Any CPU
		{21EB9C1E-C027-4640-B225-B60B93D0867C}.Debug|Any CPU.Build.0 = Debug|Any CPU
		{21EB9C1E-C027-4640-B225-B60B93D0867C}.Release|Any CPU.ActiveCfg = Release|Any CPU
		{21EB9C1E-C027-4640-B225-B60B93D0867C}.Release|Any CPU.Build.0 = Release|Any CPU
	EndGlobalSection
	GlobalSection(SolutionProperties) = preSolution
		HideSolutionNode = FALSE
	EndGlobalSection
	GlobalSection(ExtensibilityGlobals) = postSolution
		SolutionGuid = {BC9D86E3-10C1-43C0-B132-D533B4AA1C4F}
	EndGlobalSection
EndGlobal
